
Microsoft Visual Studio Solution File, Format Version 12.00
# Visual Studio 14
VisualStudioVersion = 14.0.25420.1
MinimumVisualStudioVersion = 10.0.40219.1
Project("{FAE04EC0-301F-11D3-BF4B-00C04F79EFBC}") = "BlogDemo2", "BlogDemo2\BlogDemo2.csproj", "{C495E68C-F8BB-4A4F-92F9-785F568D2790}"
EndProject
Project("{FAE04EC0-301F-11D3-BF4B-00C04F79EFBC}") = "BlogDemo2.Core", "BlogDemo2.Core\BlogDemo2.Core.csproj", "{CFC14600-46E1-498F-814B-A7EA3646EB3A}"
EndProject
Project("{FAE04EC0-301F-11D3-BF4B-00C04F79EFBC}") = "BlogDemo2.Tests", "BlogDemo2.Tests\BlogDemo2.Tests.csproj", "{14070EC6-39D6-4663-BD79-9212472DE982}"
EndProject
Global
	GlobalSection(SolutionConfigurationPlatforms) = preSolution
		Debug|Any CPU = Debug|Any CPU
		Release|Any CPU = Release|Any CPU
	EndGlobalSection
	GlobalSection(ProjectConfigurationPlatforms) = postSolution
		{C495E68C-F8BB-4A4F-92F9-785F568D2790}.Debug|Any CPU.ActiveCfg = Debug|Any CPU
		{C495E68C-F8BB-4A4F-92F9-785F568D2790}.Debug|Any CPU.Build.0 = Debug|Any CPU
		{C495E68C-F8BB-4A4F-92F9-785F568D2790}.Release|Any CPU.ActiveCfg = Release|Any CPU
		{C495E68C-F8BB-4A4F-92F9-785F568D2790}.Release|Any CPU.Build.0 = Release|Any CPU
		{CFC14600-46E1-498F-814B-A7EA3646EB3A}.Debug|Any CPU.ActiveCfg = Debug|Any CPU
		{CFC14600-46E1-498F-814B-A7EA3646EB3A}.Debug|Any CPU.Build.0 = Debug|Any CPU
		{CFC14600-46E1-498F-814B-A7EA3646EB3A}.Release|Any CPU.ActiveCfg = Release|Any CPU
		{CFC14600-46E1-498F-814B-A7EA3646EB3A}.Release|Any CPU.Build.0 = Release|Any CPU
		{14070EC6-39D6-4663-BD79-9212472DE982}.Debug|Any CPU.ActiveCfg = Debug|Any CPU
		{14070EC6-39D6-4663-BD79-9212472DE982}.Debug|Any CPU.Build.0 = Debug|Any CPU
		{14070EC6-39D6-4663-BD79-9212472DE982}.Release|Any CPU.ActiveCfg = Release|Any CPU
		{14070EC6-39D6-4663-BD79-9212472DE982}.Release|Any CPU.Build.0 = Release|Any CPU
	EndGlobalSection
	GlobalSection(SolutionProperties) = preSolution
		HideSolutionNode = FALSE
	EndGlobalSection
EndGlobal
